
Microsoft Visual Studio Solution File, Format Version 12.00
# Visual Studio Version 16
VisualStudioVersion = 16.0.30717.126
MinimumVisualStudioVersion = 10.0.40219.1
Project("{8BC9CEB8-8B4A-11D0-8D11-00A0C91BC942}") = "test", "test\test.vcxproj", "{49EC382B-A438-45DF-A648-89E0325A7E56}"
EndProject
Project("{2150E333-8FDC-42A3-9474-1A3956D46DE8}") = "libs", "libs", "{D47BEF80-7133-4548-BC1C-B117174C5A20}"
EndProject
Project("{2150E333-8FDC-42A3-9474-1A3956D46DE8}") = "apps", "apps", "{B974946A-8DC3-46CF-A72B-0AE8C76DA5C6}"
EndProject
Project("{8BC9CEB8-8B4A-11D0-8D11-00A0C91BC942}") = "memory_manager", "memory_manager\memory_manager.vcxproj", "{BA95EFC4-D0CF-4581-A1C7-04CBC14E6CC6}"
EndProject
Global
	GlobalSection(SolutionConfigurationPlatforms) = preSolution
		Debug|x64 = Debug|x64
		Debug|x86 = Debug|x86
		Release|x64 = Release|x64
		Release|x86 = Release|x86
	EndGlobalSection
	GlobalSection(ProjectConfigurationPlatforms) = postSolution
		{49EC382B-A438-45DF-A648-89E0325A7E56}.Debug|x64.ActiveCfg = Debug|x64
		{49EC382B-A438-45DF-A648-89E0325A7E56}.Debug|x64.Build.0 = Debug|x64
		{49EC382B-A438-45DF-A648-89E0325A7E56}.Debug|x86.ActiveCfg = Debug|Win32
		{49EC382B-A438-45DF-A648-89E0325A7E56}.Debug|x86.Build.0 = Debug|Win32
		{49EC382B-A438-45DF-A648-89E0325A7E56}.Release|x64.ActiveCfg = Release|x64
		{49EC382B-A438-45DF-A648-89E0325A7E56}.Release|x64.Build.0 = Release|x64
		{49EC382B-A438-45DF-A648-89E0325A7E56}.Release|x86.ActiveCfg = Release|Win32
		{49EC382B-A438-45DF-A648-89E0325A7E56}.Release|x86.Build.0 = Release|Win32
		{BA95EFC4-D0CF-4581-A1C7-04CBC14E6CC6}.Debug|x64.ActiveCfg = Debug|x64
		{BA95EFC4-D0CF-4581-A1C7-04CBC14E6CC6}.Debug|x64.Build.0 = Debug|x64
		{BA95EFC4-D0CF-4581-A1C7-04CBC14E6CC6}.Debug|x86.ActiveCfg = Debug|Win32
		{BA95EFC4-D0CF-4581-A1C7-04CBC14E6CC6}.Debug|x86.Build.0 = Debug|Win32
		{BA95EFC4-D0CF-4581-A1C7-04CBC14E6CC6}.Release|x64.ActiveCfg = Release|x64
		{BA95EFC4-D0CF-4581-A1C7-04CBC14E6CC6}.Release|x64.Build.0 = Release|x64
		{BA95EFC4-D0CF-4581-A1C7-04CBC14E6CC6}.Release|x86.ActiveCfg = Release|Win32
		{BA95EFC4-D0CF-4581-A1C7-04CBC14E6CC6}.Release|x86.Build.0 = Release|Win32
	EndGlobalSection
	GlobalSection(SolutionProperties) = preSolution
		HideSolutionNode = FALSE
	EndGlobalSection
	GlobalSection(NestedProjects) = preSolution
		{49EC382B-A438-45DF-A648-89E0325A7E56} = {B974946A-8DC3-46CF-A72B-0AE8C76DA5C6}
	EndGlobalSection
	GlobalSection(ExtensibilityGlobals) = postSolution
		SolutionGuid = {6B6E17A8-AAAE-4315-8F05-76A66452D348}
	EndGlobalSection
EndGlobal
